github.com/gethinode/mod-utils v1.0.0 h1:cqHm2xS5uDiJzRm1KfHaNbq6uMVDKLhQa8/BuTZ1nhY=
github.com/gethinode/mod-utils v1.0.0/go.mod h1:ONJm3pHCq7nvaPNjusLZNCeCbhOhSBH4HVKHwK1FdYE=
github.com/gethinode/mod-utils/v2 v2.0.3 h1:4BsRNGi+0a3Mq021Gq/TwDNiyuIfZ8xnpYU0DkNbUYI=
github.com/gethinode/mod-utils/v2 v2.0.3/go.mod h1:GTYeknoLujNjfDxI+V9Dcug26CYJSTJ0B/U2dagw9oY=
github.com/gethinode/mod-utils/v3 v3.0.2 h1:AewNQYVXy/qoNdqJGG6nKCZXjtXavcZcgdeC1Q6EEnQ=
github.com/gethinode/mod-utils/v3 v3.0.2/go.mod h1:9iHYWiDpDlcyrGAOHniubK/kziJYhTsw7UpGM+u4MOM=
github.com/gethinode/mod-utils/v4 v4.2.0 h1:qAsXm3ZVQFihkhgI6MSky0LPXMA7aL9ELmlYlaNKU0E=
github.com/gethinode/mod-utils/v4 v4.2.0/go.mod h1:bYmvRdAo4ICy5MpSGafDvO4p5bTDpsDKFCPL3bH0mN4=
github.com/gethinode/mod-utils/v4 v4.3.0 h1:PtyHMzQyvjHBtoYPlxkuG9xLABsGOelQKlNIl2CZcSc=
github.com/gethinode/mod-utils/v4 v4.3.0/go.mod h1:bYmvRdAo4ICy5MpSGafDvO4p5bTDpsDKFCPL3bH0mN4=
github.com/gethinode/mod-utils/v4 v4.5.1 h1:VKmqi6+oC93noHUJ6HvFlelglHT/9+kXQjpJs7VtWko=
github.com/gethinode/mod-utils/v4 v4.5.1/go.mod h1:bYmvRdAo4ICy5MpSGafDvO4p5bTDpsDKFCPL3bH0mN4=
github.com/gethinode/mod-utils/v5 v5.0.0 h1:iF8FtgzQu9BW7R94sJ77gltSZO2QkAv60EMNvtTSpIA=
github.com/gethinode/mod-utils/v5 v5.0.0/go.mod h1:PwQN4oOjA6k/vet11JueJ9asZMgL0DBa3jyS9tPkBWU=
