github.com/FortAwesome/Font-Awesome v0.0.0-20260210181720-337dd2045d56 h1:wZEHFCO5SVesIEn1oBuo3ltK7stDYViJsNT2aGRSXN4=
github.com/FortAwesome/Font-Awesome v0.0.0-20260210181720-337dd2045d56/go.mod h1:IUgezN/MFpCDIlFezw3L8j83oeiIuYoj28Miwr/KUYo=
github.com/gethinode/mod-fontawesome/v4 v4.3.1 h1:DEJymyTtLrFChdznFYe0snml52UwUSfTCfpmA/yG3fU=
github.com/gethinode/mod-fontawesome/v4 v4.3.1/go.mod h1:ydBxVGrcZXn9Vcbm6H5ye9iHez5SQweDYNx7b+Ch3Rc=
github.com/gethinode/mod-fontawesome/v5 v5.0.1 h1:389kvbggR+82MO5vGuJMaFOcK/FDb0Zm84zeDLeyVoI=
github.com/gethinode/mod-fontawesome/v5 v5.0.1/go.mod h1:kWtFDsfhs1Q/tqa5p8bzSlFKN8R0hwHG/IYYBF6AM7E=
github.com/gethinode/mod-fontawesome/v5 v5.0.3 h1:en0PKLkH6POYV+IeRGL1xIX4mdTdHbKPBj/36pJDoTc=
github.com/gethinode/mod-fontawesome/v5 v5.0.3/go.mod h1:kWtFDsfhs1Q/tqa5p8bzSlFKN8R0hwHG/IYYBF6AM7E=
github.com/gethinode/mod-utils/v5 v5.8.0 h1:HVvFX9iyV3NR3j9uQ6+F96rXr+TsKjMqzwY06XYwZE8=
github.com/gethinode/mod-utils/v5 v5.8.0/go.mod h1:PwQN4oOjA6k/vet11JueJ9asZMgL0DBa3jyS9tPkBWU=
github.com/gethinode/mod-utils/v5 v5.9.0 h1:mceeUGOqlmybuH/Z/9UT5QEjcgWJ4SAYl5vVmM1l/0Q=
github.com/gethinode/mod-utils/v5 v5.9.0/go.mod h1:PwQN4oOjA6k/vet11JueJ9asZMgL0DBa3jyS9tPkBWU=
