github.com/FortAwesome/Font-Awesome v0.0.0-20260210181720-337dd2045d56 h1:wZEHFCO5SVesIEn1oBuo3ltK7stDYViJsNT2aGRSXN4=
github.com/FortAwesome/Font-Awesome v0.0.0-20260210181720-337dd2045d56/go.mod h1:IUgezN/MFpCDIlFezw3L8j83oeiIuYoj28Miwr/KUYo=
github.com/gethinode/mod-fontawesome/v4 v4.3.1 h1:DEJymyTtLrFChdznFYe0snml52UwUSfTCfpmA/yG3fU=
github.com/gethinode/mod-fontawesome/v4 v4.3.1/go.mod h1:ydBxVGrcZXn9Vcbm6H5ye9iHez5SQweDYNx7b+Ch3Rc=
github.com/gethinode/mod-fontawesome/v5 v5.0.1 h1:389kvbggR+82MO5vGuJMaFOcK/FDb0Zm84zeDLeyVoI=
github.com/gethinode/mod-fontawesome/v5 v5.0.1/go.mod h1:kWtFDsfhs1Q/tqa5p8bzSlFKN8R0hwHG/IYYBF6AM7E=
github.com/gethinode/mod-fontawesome/v5 v5.0.3 h1:en0PKLkH6POYV+IeRGL1xIX4mdTdHbKPBj/36pJDoTc=
github.com/gethinode/mod-fontawesome/v5 v5.0.3/go.mod h1:kWtFDsfhs1Q/tqa5p8bzSlFKN8R0hwHG/IYYBF6AM7E=
github.com/gethinode/mod-fontawesome/v5 v5.0.5 h1:XRUZn3pHp7Bzz+Y7IQTRsdJYAhiClygrYOoOBkyBtT4=
github.com/gethinode/mod-fontawesome/v5 v5.0.5/go.mod h1:iLRUmdb788apYTXA4LmVyeBkTKPPyiMX41poFQbYiVU=
github.com/gethinode/mod-fontawesome/v5 v5.0.6 h1:x4R64RkVQbs7AYoOG3dMWo5NXPvSa8K6a0RCk+oC16A=
github.com/gethinode/mod-fontawesome/v5 v5.0.6/go.mod h1:x0tyq3/ylTACO7maMAvbvjIhvShI81Ejpt88+RN7BiQ=
github.com/gethinode/mod-fontawesome/v5 v5.0.7 h1:aJmSBddlg0AtmtKx+YQL8r1G6xwVgSgQ/heAo4a1s7Q=
github.com/gethinode/mod-fontawesome/v5 v5.0.7/go.mod h1:Ez2jywor0jNGHBojEJ1KtJkUiFLjaZixehnwsMsTsrY=
github.com/gethinode/mod-fontawesome/v5 v5.0.8 h1:BAlV+BMlk6FEuLwm8hRn3wT6wH8i6496lB0Rc9ZLC/g=
github.com/gethinode/mod-fontawesome/v5 v5.0.8/go.mod h1:6TtI+LriOd4PmUGsNF0IOnyAwysblLMonCIy3tcvAJ8=
github.com/gethinode/mod-fontawesome/v5 v5.1.0 h1:u3ntQMe1fGntcrljxrbZXA9Q0z2WHlmbPT0sL+Uw1o8=
github.com/gethinode/mod-fontawesome/v5 v5.1.0/go.mod h1:b9nG1pel6LIWiNyb0kZAmyhLo2rrx4dvG2xyoD8tDlk=
github.com/gethinode/mod-utils/v5 v5.8.0 h1:HVvFX9iyV3NR3j9uQ6+F96rXr+TsKjMqzwY06XYwZE8=
github.com/gethinode/mod-utils/v5 v5.8.0/go.mod h1:PwQN4oOjA6k/vet11JueJ9asZMgL0DBa3jyS9tPkBWU=
github.com/gethinode/mod-utils/v5 v5.9.0 h1:mceeUGOqlmybuH/Z/9UT5QEjcgWJ4SAYl5vVmM1l/0Q=
github.com/gethinode/mod-utils/v5 v5.9.0/go.mod h1:PwQN4oOjA6k/vet11JueJ9asZMgL0DBa3jyS9tPkBWU=
github.com/gethinode/mod-utils/v5 v5.10.0 h1:NlofAfa1YILV9pwS8vMkEwVUdrnKCoIlVwJPm3+UVGs=
github.com/gethinode/mod-utils/v5 v5.10.0/go.mod h1:PwQN4oOjA6k/vet11JueJ9asZMgL0DBa3jyS9tPkBWU=
github.com/gethinode/mod-utils/v5 v5.11.0 h1:1BO9uK0zecHF6dNJcqX8NFNHSIdizlyj88n9ylLUsDc=
github.com/gethinode/mod-utils/v5 v5.11.0/go.mod h1:PwQN4oOjA6k/vet11JueJ9asZMgL0DBa3jyS9tPkBWU=
github.com/gethinode/mod-utils/v5 v5.11.1 h1:LfVXEh3dYwIFNyL4i3R9YinfN1yf1PQTivKQ2sUsCQY=
github.com/gethinode/mod-utils/v5 v5.11.1/go.mod h1:PwQN4oOjA6k/vet11JueJ9asZMgL0DBa3jyS9tPkBWU=
github.com/gethinode/mod-utils/v5 v5.13.0 h1:ztkE1REey94x36UdlZ7yeitpIQid/BcZQh+wtxBTSQ8=
github.com/gethinode/mod-utils/v5 v5.13.0/go.mod h1:PwQN4oOjA6k/vet11JueJ9asZMgL0DBa3jyS9tPkBWU=
github.com/gethinode/mod-utils/v5 v5.14.0 h1:Nntb2ei7yTRsUmGMUHo/fgCfacIk+GD/ZbSW64gu6HM=
github.com/gethinode/mod-utils/v5 v5.14.0/go.mod h1:PwQN4oOjA6k/vet11JueJ9asZMgL0DBa3jyS9tPkBWU=
github.com/gethinode/mod-utils/v5 v5.15.0 h1:8X/QT/O/OQaN6IISVg9C4/mp/DIr2+q+ofM7Ll3pLT8=
github.com/gethinode/mod-utils/v5 v5.15.0/go.mod h1:PwQN4oOjA6k/vet11JueJ9asZMgL0DBa3jyS9tPkBWU=
github.com/gethinode/mod-utils/v5 v5.15.1 h1:DE3zpIdHznpI7xOB8u+++MQHr4mdGE/WdAa7/M0lKC4=
github.com/gethinode/mod-utils/v5 v5.15.1/go.mod h1:PwQN4oOjA6k/vet11JueJ9asZMgL0DBa3jyS9tPkBWU=
github.com/gethinode/mod-utils/v5 v5.16.0 h1:RqZZKJ3cyjwCyjrzH93FBnI7zQgr+RZaSRQUAq3D3uI=
github.com/gethinode/mod-utils/v5 v5.16.0/go.mod h1:PwQN4oOjA6k/vet11JueJ9asZMgL0DBa3jyS9tPkBWU=
github.com/gethinode/mod-utils/v5 v5.16.1 h1:WzE+xFKmOGX5zAhJ/udR0BFMEiGSbFVLBX/s/n58Rmo=
github.com/gethinode/mod-utils/v5 v5.16.1/go.mod h1:PwQN4oOjA6k/vet11JueJ9asZMgL0DBa3jyS9tPkBWU=
github.com/gethinode/mod-utils/v5 v5.17.0 h1:qwOGyfWWmaSTQBaYrhRNYN/ATuTZ7XXOeAjLETxMGR0=
github.com/gethinode/mod-utils/v5 v5.17.0/go.mod h1:PwQN4oOjA6k/vet11JueJ9asZMgL0DBa3jyS9tPkBWU=
github.com/gethinode/mod-utils/v5 v5.18.0 h1:qRdwc7f+heVPJJh+383QgAYFc9i2jKHAr35ozawM9fI=
github.com/gethinode/mod-utils/v5 v5.18.0/go.mod h1:PwQN4oOjA6k/vet11JueJ9asZMgL0DBa3jyS9tPkBWU=
github.com/gethinode/mod-utils/v5 v5.19.0 h1:fX3gTsYoimUNqD/KeBsyBrrJ2DygQ0M7Rc8gL1HT5Tc=
github.com/gethinode/mod-utils/v5 v5.19.0/go.mod h1:PwQN4oOjA6k/vet11JueJ9asZMgL0DBa3jyS9tPkBWU=
github.com/gethinode/mod-utils/v5 v5.19.1 h1:peyYRxjIf8d84mt435veKaiO5nrIBXQ5xrHKHqcJehw=
github.com/gethinode/mod-utils/v5 v5.19.1/go.mod h1:PwQN4oOjA6k/vet11JueJ9asZMgL0DBa3jyS9tPkBWU=
